// !$*UTF8*$!
{
	archiveVersion = 1;
	classes = {
	};
	objectVersion = 56;
	objects = {

/* Begin PBXBuildFile section */
		1039D8DB2B4598A20081BA4D /* CustomButtonView.swift in Sources */ = {isa = PBXBuildFile; fileRef = 1039D8DA2B4598A20081BA4D /* CustomButtonView.swift */; };
		1039D8DD2B45A7730081BA4D /* GradientButtonStyle.swift in Sources */ = {isa = PBXBuildFile; fileRef = 1039D8DC2B45A7730081BA4D /* GradientButtonStyle.swift */; };
		1039D8DF2B45B2AF0081BA4D /* CustomCircleView.swift in Sources */ = {isa = PBXBuildFile; fileRef = 1039D8DE2B45B2AF0081BA4D /* CustomCircleView.swift */; };
		1039D8E12B45B7F60081BA4D /* MotionAnimationView.swift in Sources */ = {isa = PBXBuildFile; fileRef = 1039D8E02B45B7F60081BA4D /* MotionAnimationView.swift */; };
		1039D8E42B45B7F60081BA4D /* SettingsView.swift in Sources */ = {isa = PBXBuildFile; fileRef = 1039D8E32B45B7F60081BA4D /* SettingsView.swift */; };
		109DF9EA2B44B57B0050C27E /* HikeApp.swift in Sources */ = {isa = PBXBuildFile; fileRef = 109DF9E92B44B57B0050C27E /* HikeApp.swift */; };
		109DF9EC2B44B57B0050C27E /* ContentView.swift in Sources */ = {isa = PBXBuildFile; fileRef = 109DF9EB2B44B57B0050C27E /* ContentView.swift */; };
		109DF9EE2B44B57F0050C27E /* Assets.xcassets in Resources */ = {isa = PBXBuildFile; fileRef = 109DF9ED2B44B57F0050C27E /* Assets.xcassets */; };
		109DF9F12B44B57F0050C27E /* Preview Assets.xcassets in Resources */ = {isa = PBXBuildFile; fileRef = 109DF9F02B44B57F0050C27E /* Preview Assets.xcassets */; };
		109DF9F82B44B7F00050C27E /* CardView.swift in Sources */ = {isa = PBXBuildFile; fileRef = 109DF9F72B44B7F00050C27E /* CardView.swift */; };
		109DF9FB2B44B8BA0050C27E /* CustomBackgroundView.swift in Sources */ = {isa = PBXBuildFile; fileRef = 109DF9FA2B44B8BA0050C27E /* CustomBackgroundView.swift */; };
		10CB97E22B45EEA80015F160 /* CustomListRowView.swift in Sources */ = {isa = PBXBuildFile; fileRef = 10CB97E12B45EEA80015F160 /* CustomListRowView.swift */; };
		10F9BCEB2B44BCE2007C8A2B /* ColorExtension.swift in Sources */ = {isa = PBXBuildFile; fileRef = 10F9BCEA2B44BCE2007C8A2B /* ColorExtension.swift */; };
/* End PBXBuildFile section */

/* Begin PBXFileReference section */
		1039D8DA2B4598A20081BA4D /* CustomButtonView.swift */ = {isa = PBXFileReference; lastKnownFileType = sourcecode.swift; path = CustomButtonView.swift; sourceTree = "<group>"; };
		1039D8DC2B45A7730081BA4D /* GradientButtonStyle.swift */ = {isa = PBXFileReference; lastKnownFileType = sourcecode.swift; path = GradientButtonStyle.swift; sourceTree = "<group>"; };
		1039D8DE2B45B2AF0081BA4D /* CustomCircleView.swift */ = {isa = PBXFileReference; lastKnownFileType = sourcecode.swift; path = CustomCircleView.swift; sourceTree = "<group>"; };
		1039D8E02B45B7F60081BA4D /* MotionAnimationView.swift */ = {isa = PBXFileReference; lastKnownFileType = sourcecode.swift; path = MotionAnimationView.swift; sourceTree = "<group>"; };
		1039D8E32B45B7F60081BA4D /* SettingsView.swift */ = {isa = PBXFileReference; lastKnownFileType = sourcecode.swift; path = SettingsView.swift; sourceTree = "<group>"; };
		109DF9E62B44B57B0050C27E /* Hike.app */ = {isa = PBXFileReference; explicitFileType = wrapper.application; includeInIndex = 0; path = Hike.app; sourceTree = BUILT_PRODUCTS_DIR; };
		109DF9E92B44B57B0050C27E /* HikeApp.swift */ = {isa = PBXFileReference; lastKnownFileType = sourcecode.swift; path = HikeApp.swift; sourceTree = "<group>"; };
		109DF9EB2B44B57B0050C27E /* ContentView.swift */ = {isa = PBXFileReference; lastKnownFileType = sourcecode.swift; path = ContentView.swift; sourceTree = "<group>"; };
		109DF9ED2B44B57F0050C27E /* Assets.xcassets */ = {isa = PBXFileReference; lastKnownFileType = folder.assetcatalog; path = Assets.xcassets; sourceTree = "<group>"; };
		109DF9F02B44B57F0050C27E /* Preview Assets.xcassets */ = {isa = PBXFileReference; lastKnownFileType = folder.assetcatalog; path = "Preview Assets.xcassets"; sourceTree = "<group>"; };
		109DF9F72B44B7F00050C27E /* CardView.swift */ = {isa = PBXFileReference; lastKnownFileType = sourcecode.swift; path = CardView.swift; sourceTree = "<group>"; };
		109DF9FA2B44B8BA0050C27E /* CustomBackgroundView.swift */ = {isa = PBXFileReference; lastKnownFileType = sourcecode.swift; path = CustomBackgroundView.swift; sourceTree = "<group>"; };
		10CB97E12B45EEA80015F160 /* CustomListRowView.swift */ = {isa = PBXFileReference; lastKnownFileType = sourcecode.swift; path = CustomListRowView.swift; sourceTree = "<group>"; };
		10F9BCEA2B44BCE2007C8A2B /* ColorExtension.swift */ = {isa = PBXFileReference; lastKnownFileType = sourcecode.swift; path = ColorExtension.swift; sourceTree = "<group>"; };
/* End PBXFileReference section */

/* Begin PBXFrameworksBuildPhase section */
		109DF9E32B44B57B0050C27E /* Frameworks */ = {
			isa = PBXFrameworksBuildPhase;
			buildActionMask = 2147483647;
			files = (
			);
			runOnlyForDeploymentPostprocessing = 0;
		};
/* End PBXFrameworksBuildPhase section */

/* Begin PBXGroup section */
		1039D8E22B45B7F60081BA4D /* Screen */ = {
			isa = PBXGroup;
			children = (
				109DF9EB2B44B57B0050C27E /* ContentView.swift */,
				1039D8E32B45B7F60081BA4D /* SettingsView.swift */,
			);
			path = Screen;
			sourceTree = "<group>";
		};
		109DF9DD2B44B57B0050C27E = {
			isa = PBXGroup;
			children = (
				109DF9E82B44B57B0050C27E /* Hike */,
				109DF9E72B44B57B0050C27E /* Products */,
			);
			sourceTree = "<group>";
		};
		109DF9E72B44B57B0050C27E /* Products */ = {
			isa = PBXGroup;
			children = (
				109DF9E62B44B57B0050C27E /* Hike.app */,
			);
			name = Products;
			sourceTree = "<group>";
		};
		109DF9E82B44B57B0050C27E /* Hike */ = {
			isa = PBXGroup;
			children = (
				10F9BCE92B44BCC6007C8A2B /* Utility */,
				109DF9E92B44B57B0050C27E /* HikeApp.swift */,
				1039D8E22B45B7F60081BA4D /* Screen */,
				109DF9ED2B44B57F0050C27E /* Assets.xcassets */,
				109DF9EF2B44B57F0050C27E /* Preview Content */,
				109DF9F92B44B8A10050C27E /* Component */,
			);
			path = Hike;
			sourceTree = "<group>";
		};
		109DF9EF2B44B57F0050C27E /* Preview Content */ = {
			isa = PBXGroup;
			children = (
				109DF9F02B44B57F0050C27E /* Preview Assets.xcassets */,
			);
			path = "Preview Content";
			sourceTree = "<group>";
		};
		109DF9F92B44B8A10050C27E /* Component */ = {
			isa = PBXGroup;
			children = (
				109DF9F72B44B7F00050C27E /* CardView.swift */,
				109DF9FA2B44B8BA0050C27E /* CustomBackgroundView.swift */,
				1039D8DA2B4598A20081BA4D /* CustomButtonView.swift */,
				1039D8DE2B45B2AF0081BA4D /* CustomCircleView.swift */,
				1039D8E02B45B7F60081BA4D /* MotionAnimationView.swift */,
				10CB97E12B45EEA80015F160 /* CustomListRowView.swift */,
			);
			path = Component;
			sourceTree = "<group>";
		};
		10F9BCE92B44BCC6007C8A2B /* Utility */ = {
			isa = PBXGroup;
			children = (
				10F9BCEA2B44BCE2007C8A2B /* ColorExtension.swift */,
				1039D8DC2B45A7730081BA4D /* GradientButtonStyle.swift */,
			);
			path = Utility;
			sourceTree = "<group>";
		};
/* End PBXGroup section */

/* Begin PBXNativeTarget section */
		109DF9E52B44B57B0050C27E /* Hike */ = {
			isa = PBXNativeTarget;
			buildConfigurationList = 109DF9F42B44B57F0050C27E /* Build configuration list for PBXNativeTarget "Hike" */;
			buildPhases = (
				109DF9E22B44B57B0050C27E /* Sources */,
				109DF9E32B44B57B0050C27E /* Frameworks */,
				109DF9E42B44B57B0050C27E /* Resources */,
			);
			buildRules = (
			);
			dependencies = (
			);
			name = Hike;
			productName = Hike;
			productReference = 109DF9E62B44B57B0050C27E /* Hike.app */;
			productType = "com.apple.product-type.application";
		};
/* End PBXNativeTarget section */

/* Begin PBXProject section */
		109DF9DE2B44B57B0050C27E /* Project object */ = {
			isa = PBXProject;
			attributes = {
				BuildIndependentTargetsInParallel = 1;
				LastSwiftUpdateCheck = 1510;
				LastUpgradeCheck = 1510;
				TargetAttributes = {
					109DF9E52B44B57B0050C27E = {
						CreatedOnToolsVersion = 15.1;
					};
				};
			};
			buildConfigurationList = 109DF9E12B44B57B0050C27E /* Build configuration list for PBXProject "Hike" */;
			compatibilityVersion = "Xcode 14.0";
			developmentRegion = en;
			hasScannedForEncodings = 0;
			knownRegions = (
				en,
				Base,
			);
			mainGroup = 109DF9DD2B44B57B0050C27E;
			productRefGroup = 109DF9E72B44B57B0050C27E /* Products */;
			projectDirPath = "";
			projectRoot = "";
			targets = (
				109DF9E52B44B57B0050C27E /* Hike */,
			);
		};
/* End PBXProject section */

/* Begin PBXResourcesBuildPhase section */
		109DF9E42B44B57B0050C27E /* Resources */ = {
			isa = PBXResourcesBuildPhase;
			buildActionMask = 2147483647;
			files = (
				109DF9F12B44B57F0050C27E /* Preview Assets.xcassets in Resources */,
				109DF9EE2B44B57F0050C27E /* Assets.xcassets in Resources */,
			);
			runOnlyForDeploymentPostprocessing = 0;
		};
/* End PBXResourcesBuildPhase section */

/* Begin PBXSourcesBuildPhase section */
		109DF9E22B44B57B0050C27E /* Sources */ = {
			isa = PBXSourcesBuildPhase;
			buildActionMask = 2147483647;
			files = (
				109DF9EC2B44B57B0050C27E /* ContentView.swift in Sources */,
				1039D8DF2B45B2AF0081BA4D /* CustomCircleView.swift in Sources */,
				10CB97E22B45EEA80015F160 /* CustomListRowView.swift in Sources */,
				109DF9F82B44B7F00050C27E /* CardView.swift in Sources */,
				109DF9EA2B44B57B0050C27E /* HikeApp.swift in Sources */,
				1039D8DB2B4598A20081BA4D /* CustomButtonView.swift in Sources */,
				1039D8E42B45B7F60081BA4D /* SettingsView.swift in Sources */,
				1039D8DD2B45A7730081BA4D /* GradientButtonStyle.swift in Sources */,
				1039D8E12B45B7F60081BA4D /* MotionAnimationView.swift in Sources */,
				109DF9FB2B44B8BA0050C27E /* CustomBackgroundView.swift in Sources */,
				10F9BCEB2B44BCE2007C8A2B /* ColorExtension.swift in Sources */,
			);
			runOnlyForDeploymentPostprocessing = 0;
		};
/* End PBXSourcesBuildPhase section */

/* Begin XCBuildConfiguration section */
		109DF9F22B44B57F0050C27E /* Debug */ = {
			isa = XCBuildConfiguration;
			buildSettings = {
				ALWAYS_SEARCH_USER_PATHS = NO;
				ASSETCATALOG_COMPILER_GENERATE_SWIFT_ASSET_SYMBOL_EXTENSIONS = YES;
				CLANG_ANALYZER_NONNULL = YES;
				CLANG_ANALYZER_NUMBER_OBJECT_CONVERSION = YES_AGGRESSIVE;
				CLANG_CXX_LANGUAGE_STANDARD = "gnu++20";
				CLANG_ENABLE_MODULES = YES;
				CLANG_ENABLE_OBJC_ARC = YES;
				CLANG_ENABLE_OBJC_WEAK = YES;
				CLANG_WARN_BLOCK_CAPTURE_AUTORELEASING = YES;
				CLANG_WARN_BOOL_CONVERSION = YES;
				CLANG_WARN_COMMA = YES;
				CLANG_WARN_CONSTANT_CONVERSION = YES;
				CLANG_WARN_DEPRECATED_OBJC_IMPLEMENTATIONS = YES;
				CLANG_WARN_DIRECT_OBJC_ISA_USAGE = YES_ERROR;
				CLANG_WARN_DOCUMENTATION_COMMENTS = YES;
				CLANG_WARN_EMPTY_BODY = YES;
				CLANG_WARN_ENUM_CONVERSION = YES;
				CLANG_WARN_INFINITE_RECURSION = YES;
				CLANG_WARN_INT_CONVERSION = YES;
				CLANG_WARN_NON_LITERAL_NULL_CONVERSION = YES;
				CLANG_WARN_OBJC_IMPLICIT_RETAIN_SELF = YES;
				CLANG_WARN_OBJC_LITERAL_CONVERSION = YES;
				CLANG_WARN_OBJC_ROOT_CLASS = YES_ERROR;
				CLANG_WARN_QUOTED_INCLUDE_IN_FRAMEWORK_HEADER = YES;
				CLANG_WARN_RANGE_LOOP_ANALYSIS = YES;
				CLANG_WARN_STRICT_PROTOTYPES = YES;
				CLANG_WARN_SUSPICIOUS_MOVE = YES;
				CLANG_WARN_UNGUARDED_AVAILABILITY = YES_AGGRESSIVE;
				CLANG_WARN_UNREACHABLE_CODE = YES;
				CLANG_WARN__DUPLICATE_METHOD_MATCH = YES;
				COPY_PHASE_STRIP = NO;
				DEBUG_INFORMATION_FORMAT = dwarf;
				ENABLE_STRICT_OBJC_MSGSEND = YES;
				ENABLE_TESTABILITY = YES;
				ENABLE_USER_SCRIPT_SANDBOXING = YES;
				GCC_C_LANGUAGE_STANDARD = gnu17;
				GCC_DYNAMIC_NO_PIC = NO;
				GCC_NO_COMMON_BLOCKS = YES;
				GCC_OPTIMIZATION_LEVEL = 0;
				GCC_PREPROCESSOR_DEFINITIONS = (
					"DEBUG=1",
					"$(inherited)",
				);
				GCC_WARN_64_TO_32_BIT_CONVERSION = YES;
				GCC_WARN_ABOUT_RETURN_TYPE = YES_ERROR;
				GCC_WARN_UNDECLARED_SELECTOR = YES;
				GCC_WARN_UNINITIALIZED_AUTOS = YES_AGGRESSIVE;
				GCC_WARN_UNUSED_FUNCTION = YES;
				GCC_WARN_UNUSED_VARIABLE = YES;
				IPHONEOS_DEPLOYMENT_TARGET = 17.2;
				LOCALIZATION_PREFERS_STRING_CATALOGS = YES;
				MTL_ENABLE_DEBUG_INFO = INCLUDE_SOURCE;
				MTL_FAST_MATH = YES;
				ONLY_ACTIVE_ARCH = YES;
				SDKROOT = iphoneos;
				SWIFT_ACTIVE_COMPILATION_CONDITIONS = "DEBUG $(inherited)";
				SWIFT_OPTIMIZATION_LEVEL = "-Onone";
			};
			name = Debug;
		};
		109DF9F32B44B57F0050C27E /* Release */ = {
			isa = XCBuildConfiguration;
			buildSettings = {
				ALWAYS_SEARCH_USER_PATHS = NO;
				ASSETCATALOG_COMPILER_GENERATE_SWIFT_ASSET_SYMBOL_EXTENSIONS = YES;
				CLANG_ANALYZER_NONNULL = YES;
				CLANG_ANALYZER_NUMBER_OBJECT_CONVERSION = YES_AGGRESSIVE;
				CLANG_CXX_LANGUAGE_STANDARD = "gnu++20";
				CLANG_ENABLE_MODULES = YES;
				CLANG_ENABLE_OBJC_ARC = YES;
				CLANG_ENABLE_OBJC_WEAK = YES;
				CLANG_WARN_BLOCK_CAPTURE_AUTORELEASING = YES;
				CLANG_WARN_BOOL_CONVERSION = YES;
				CLANG_WARN_COMMA = YES;
				CLANG_WARN_CONSTANT_CONVERSION = YES;
				CLANG_WARN_DEPRECATED_OBJC_IMPLEMENTATIONS = YES;
				CLANG_WARN_DIRECT_OBJC_ISA_USAGE = YES_ERROR;
				CLANG_WARN_DOCUMENTATION_COMMENTS = YES;
				CLANG_WARN_EMPTY_BODY = YES;
				CLANG_WARN_ENUM_CONVERSION = YES;
				CLANG_WARN_INFINITE_RECURSION = YES;
				CLANG_WARN_INT_CONVERSION = YES;
				CLANG_WARN_NON_LITERAL_NULL_CONVERSION = YES;
				CLANG_WARN_OBJC_IMPLICIT_RETAIN_SELF = YES;
				CLANG_WARN_OBJC_LITERAL_CONVERSION = YES;
				CLANG_WARN_OBJC_ROOT_CLASS = YES_ERROR;
				CLANG_WARN_QUOTED_INCLUDE_IN_FRAMEWORK_HEADER = YES;
				CLANG_WARN_RANGE_LOOP_ANALYSIS = YES;
				CLANG_WARN_STRICT_PROTOTYPES = YES;
				CLANG_WARN_SUSPICIOUS_MOVE = YES;
				CLANG_WARN_UNGUARDED_AVAILABILITY = YES_AGGRESSIVE;
				CLANG_WARN_UNREACHABLE_CODE = YES;
				CLANG_WARN__DUPLICATE_METHOD_MATCH = YES;
				COPY_PHASE_STRIP = NO;
				DEBUG_INFORMATION_FORMAT = "dwarf-with-dsym";
				ENABLE_NS_ASSERTIONS = NO;
				ENABLE_STRICT_OBJC_MSGSEND = YES;
				ENABLE_USER_SCRIPT_SANDBOXING = YES;
				GCC_C_LANGUAGE_STANDARD = gnu17;
				GCC_NO_COMMON_BLOCKS = YES;
				GCC_WARN_64_TO_32_BIT_CONVERSION = YES;
				GCC_WARN_ABOUT_RETURN_TYPE = YES_ERROR;
				GCC_WARN_UNDECLARED_SELECTOR = YES;
				GCC_WARN_UNINITIALIZED_AUTOS = YES_AGGRESSIVE;
				GCC_WARN_UNUSED_FUNCTION = YES;
				GCC_WARN_UNUSED_VARIABLE = YES;
				IPHONEOS_DEPLOYMENT_TARGET = 17.2;
				LOCALIZATION_PREFERS_STRING_CATALOGS = YES;
				MTL_ENABLE_DEBUG_INFO = NO;
				MTL_FAST_MATH = YES;
				SDKROOT = iphoneos;
				SWIFT_COMPILATION_MODE = wholemodule;
				VALIDATE_PRODUCT = YES;
			};
			name = Release;
		};
		109DF9F52B44B57F0050C27E /* Debug */ = {
			isa = XCBuildConfiguration;
			buildSettings = {
				ASSETCATALOG_COMPILER_APPICON_NAME = AppIcon;
				ASSETCATALOG_COMPILER_GLOBAL_ACCENT_COLOR_NAME = AccentColor;
				CODE_SIGN_STYLE = Automatic;
				CURRENT_PROJECT_VERSION = 1;
				DEVELOPMENT_ASSET_PATHS = "\"Hike/Preview Content\"";
				DEVELOPMENT_TEAM = MWZT99D96Y;
				ENABLE_PREVIEWS = YES;
				GENERATE_INFOPLIST_FILE = YES;
				INFOPLIST_KEY_UIApplicationSceneManifest_Generation = YES;
				INFOPLIST_KEY_UIApplicationSupportsIndirectInputEvents = YES;
				INFOPLIST_KEY_UILaunchScreen_Generation = YES;
				INFOPLIST_KEY_UISupportedInterfaceOrientations_iPad = "UIInterfaceOrientationPortrait UIInterfaceOrientationPortraitUpsideDown UIInterfaceOrientationLandscapeLeft UIInterfaceOrientationLandscapeRight";
				INFOPLIST_KEY_UISupportedInterfaceOrientations_iPhone = "UIInterfaceOrientationPortrait UIInterfaceOrientationLandscapeLeft UIInterfaceOrientationLandscapeRight";
				LD_RUNPATH_SEARCH_PATHS = (
					"$(inherited)",
					"@executable_path/Frameworks",
				);
				MARKETING_VERSION = 1.0;
				PRODUCT_BUNDLE_IDENTIFIER = brooks.Tyheir.Hike;
				PRODUCT_NAME = "$(TARGET_NAME)";
				SWIFT_EMIT_LOC_STRINGS = YES;
				SWIFT_VERSION = 5.0;
				TARGETED_DEVICE_FAMILY = "1,2";
			};
			name = Debug;
		};
		109DF9F62B44B57F0050C27E /* Release */ = {
			isa = XCBuildConfiguration;
			buildSettings = {
				ASSETCATALOG_COMPILER_APPICON_NAME = AppIcon;
				ASSETCATALOG_COMPILER_GLOBAL_ACCENT_COLOR_NAME = AccentColor;
				CODE_SIGN_STYLE = Automatic;
				CURRENT_PROJECT_VERSION = 1;
				DEVELOPMENT_ASSET_PATHS = "\"Hike/Preview Content\"";
				DEVELOPMENT_TEAM = MWZT99D96Y;
				ENABLE_PREVIEWS = YES;
				GENERATE_INFOPLIST_FILE = YES;
				INFOPLIST_KEY_UIApplicationSceneManifest_Generation = YES;
				INFOPLIST_KEY_UIApplicationSupportsIndirectInputEvents = YES;
				INFOPLIST_KEY_UILaunchScreen_Generation = YES;
				INFOPLIST_KEY_UISupportedInterfaceOrientations_iPad = "UIInterfaceOrientationPortrait UIInterfaceOrientationPortraitUpsideDown UIInterfaceOrientationLandscapeLeft UIInterfaceOrientationLandscapeRight";
				INFOPLIST_KEY_UISupportedInterfaceOrientations_iPhone = "UIInterfaceOrientationPortrait UIInterfaceOrientationLandscapeLeft UIInterfaceOrientationLandscapeRight";
				LD_RUNPATH_SEARCH_PATHS = (
					"$(inherited)",
					"@executable_path/Frameworks",
				);
				MARKETING_VERSION = 1.0;
				PRODUCT_BUNDLE_IDENTIFIER = brooks.Tyheir.Hike;
				PRODUCT_NAME = "$(TARGET_NAME)";
				SWIFT_EMIT_LOC_STRINGS = YES;
				SWIFT_VERSION = 5.0;
				TARGETED_DEVICE_FAMILY = "1,2";
			};
			name = Release;
		};
/* End XCBuildConfiguration section */

/* Begin XCConfigurationList section */
		109DF9E12B44B57B0050C27E /* Build configuration list for PBXProject "Hike" */ = {
			isa = XCConfigurationList;
			buildConfigurations = (
				109DF9F22B44B57F0050C27E /* Debug */,
				109DF9F32B44B57F0050C27E /* Release */,
			);
			defaultConfigurationIsVisible = 0;
			defaultConfigurationName = Release;
		};
		109DF9F42B44B57F0050C27E /* Build configuration list for PBXNativeTarget "Hike" */ = {
			isa = XCConfigurationList;
			buildConfigurations = (
				109DF9F52B44B57F0050C27E /* Debug */,
				109DF9F62B44B57F0050C27E /* Release */,
			);
			defaultConfigurationIsVisible = 0;
			defaultConfigurationName = Release;
		};
/* End XCConfigurationList section */
	};
	rootObject = 109DF9DE2B44B57B0050C27E /* Project object */;
}
